
Microsoft Visual Studio Solution File, Format Version 12.00
# Visual Studio Version 17
VisualStudioVersion = 17.4.33110.190
MinimumVisualStudioVersion = 10.0.40219.1
Project("{FAE04EC0-301F-11D3-BF4B-00C04F79EFBC}") = "DoAnLapTrinhWed-2", "DoAnLapTrinhWed-2\DoAnLapTrinhWed-2.csproj", "{526C1A9A-E836-44FB-A27B-2A65C044B4FB}"
EndProject
Global
	GlobalSection(SolutionConfigurationPlatforms) = preSolution
		Debug|Any CPU = Debug|Any CPU
		Release|Any CPU = Release|Any CPU
	EndGlobalSection
	GlobalSection(ProjectConfigurationPlatforms) = postSolution
		{526C1A9A-E836-44FB-A27B-2A65C044B4FB}.Debug|Any CPU.ActiveCfg = Debug|Any CPU
		{526C1A9A-E836-44FB-A27B-2A65C044B4FB}.Debug|Any CPU.Build.0 = Debug|Any CPU
		{526C1A9A-E836-44FB-A27B-2A65C044B4FB}.Release|Any CPU.ActiveCfg = Release|Any CPU
		{526C1A9A-E836-44FB-A27B-2A65C044B4FB}.Release|Any CPU.Build.0 = Release|Any CPU
	EndGlobalSection
	GlobalSection(SolutionProperties) = preSolution
		HideSolutionNode = FALSE
	EndGlobalSection
	GlobalSection(ExtensibilityGlobals) = postSolution
		SolutionGuid = {6768C15D-2B86-42C7-BAE8-C5F8DD1111CD}
	EndGlobalSection
EndGlobal
